
Microsoft Visual Studio Solution File, Format Version 12.00
# Visual Studio Version 16
VisualStudioVersion = 16.0.30907.101
MinimumVisualStudioVersion = 10.0.40219.1
Project("{FAE04EC0-301F-11D3-BF4B-00C04F79EFBC}") = "PipShell", "PipShell\PipShell.csproj", "{2F7381FC-09D2-478D-A2A0-DF7EA5EAEBE6}"
EndProject
Project("{FAE04EC0-301F-11D3-BF4B-00C04F79EFBC}") = "PipShell.Test", "PipShell.Test\PipShell.Test.csproj", "{1D96F48C-BA9D-4359-897C-D0F5607BB52E}"
EndProject
Global
	GlobalSection(SolutionConfigurationPlatforms) = preSolution
		Debug|Any CPU = Debug|Any CPU
		Release|Any CPU = Release|Any CPU
	EndGlobalSection
	GlobalSection(ProjectConfigurationPlatforms) = postSolution
		{2F7381FC-09D2-478D-A2A0-DF7EA5EAEBE6}.Debug|Any CPU.ActiveCfg = Debug|Any CPU
		{2F7381FC-09D2-478D-A2A0-DF7EA5EAEBE6}.Debug|Any CPU.Build.0 = Debug|Any CPU
		{2F7381FC-09D2-478D-A2A0-DF7EA5EAEBE6}.Release|Any CPU.ActiveCfg = Release|Any CPU
		{2F7381FC-09D2-478D-A2A0-DF7EA5EAEBE6}.Release|Any CPU.Build.0 = Release|Any CPU
		{1D96F48C-BA9D-4359-897C-D0F5607BB52E}.Debug|Any CPU.ActiveCfg = Debug|Any CPU
		{1D96F48C-BA9D-4359-897C-D0F5607BB52E}.Debug|Any CPU.Build.0 = Debug|Any CPU
		{1D96F48C-BA9D-4359-897C-D0F5607BB52E}.Release|Any CPU.ActiveCfg = Release|Any CPU
		{1D96F48C-BA9D-4359-897C-D0F5607BB52E}.Release|Any CPU.Build.0 = Release|Any CPU
	EndGlobalSection
	GlobalSection(SolutionProperties) = preSolution
		HideSolutionNode = FALSE
	EndGlobalSection
	GlobalSection(ExtensibilityGlobals) = postSolution
		SolutionGuid = {40059D50-F5D6-4D8E-BA78-EF803B273195}
	EndGlobalSection
EndGlobal
